// !$*UTF8*$!
{
	archiveVersion = 1;
	classes = {
	};
	objectVersion = 46;
	objects = {

/* Begin PBXBuildFile section */
		FC00AAAE1DE043DF00BC4F83 /* ViewController+SwilzzingMethod.m in Sources */ = {isa = PBXBuildFile; fileRef = FC00AAAD1DE043DF00BC4F83 /* ViewController+SwilzzingMethod.m */; };
		FCD547FA1DCCCEA00087D36F /* main.m in Sources */ = {isa = PBXBuildFile; fileRef = FCD547F91DCCCEA00087D36F /* main.m */; };
		FCD547FD1DCCCEA00087D36F /* AppDelegate.m in Sources */ = {isa = PBXBuildFile; fileRef = FCD547FC1DCCCEA00087D36F /* AppDelegate.m */; };
		FCD548001DCCCEA00087D36F /* ViewController.m in Sources */ = {isa = PBXBuildFile; fileRef = FCD547FF1DCCCEA00087D36F /* ViewController.m */; };
		FCD548031DCCCEA00087D36F /* Main.storyboard in Resources */ = {isa = PBXBuildFile; fileRef = FCD548011DCCCEA00087D36F /* Main.storyboard */; };
		FCD548051DCCCEA00087D36F /* Assets.xcassets in Resources */ = {isa = PBXBuildFile; fileRef = FCD548041DCCCEA00087D36F /* Assets.xcassets */; };
		FCD548081DCCCEA00087D36F /* LaunchScreen.storyboard in Resources */ = {isa = PBXBuildFile; fileRef = FCD548061DCCCEA00087D36F /* LaunchScreen.storyboard */; };
		FCD548131DCCCEA00087D36F /* SwilzzingAppTests.m in Sources */ = {isa = PBXBuildFile; fileRef = FCD548121DCCCEA00087D36F /* SwilzzingAppTests.m */; };
		FCD5481E1DCCCEA00087D36F /* SwilzzingAppUITests.m in Sources */ = {isa = PBXBuildFile; fileRef = FCD5481D1DCCCEA00087D36F /* SwilzzingAppUITests.m */; };
/* End PBXBuildFile section */

/* Begin PBXContainerItemProxy section */
		FCD5480F1DCCCEA00087D36F /* PBXContainerItemProxy */ = {
			isa = PBXContainerItemProxy;
			containerPortal = FCD547ED1DCCCE9F0087D36F /* Project object */;
			proxyType = 1;
			remoteGlobalIDString = FCD547F41DCCCEA00087D36F;
			remoteInfo = SwilzzingApp;
		};
		FCD5481A1DCCCEA00087D36F /* PBXContainerItemProxy */ = {
			isa = PBXContainerItemProxy;
			containerPortal = FCD547ED1DCCCE9F0087D36F /* Project object */;
			proxyType = 1;
			remoteGlobalIDString = FCD547F41DCCCEA00087D36F;
			remoteInfo = SwilzzingApp;
		};
/* End PBXContainerItemProxy section */

/* Begin PBXFileReference section */
		FC00AAAC1DE043DF00BC4F83 /* ViewController+SwilzzingMethod.h */ = {isa = PBXFileReference; fileEncoding = 4; lastKnownFileType = sourcecode.c.h; path = "ViewController+SwilzzingMethod.h"; sourceTree = "<group>"; };
		FC00AAAD1DE043DF00BC4F83 /* ViewController+SwilzzingMethod.m */ = {isa = PBXFileReference; fileEncoding = 4; lastKnownFileType = sourcecode.c.objc; path = "ViewController+SwilzzingMethod.m"; sourceTree = "<group>"; };
		FCD547F51DCCCEA00087D36F /* SwilzzingApp.app */ = {isa = PBXFileReference; explicitFileType = wrapper.application; includeInIndex = 0; path = SwilzzingApp.app; sourceTree = BUILT_PRODUCTS_DIR; };
		FCD547F91DCCCEA00087D36F /* main.m */ = {isa = PBXFileReference; lastKnownFileType = sourcecode.c.objc; path = main.m; sourceTree = "<group>"; };
		FCD547FB1DCCCEA00087D36F /* AppDelegate.h */ = {isa = PBXFileReference; lastKnownFileType = sourcecode.c.h; path = AppDelegate.h; sourceTree = "<group>"; };
		FCD547FC1DCCCEA00087D36F /* AppDelegate.m */ = {isa = PBXFileReference; lastKnownFileType = sourcecode.c.objc; path = AppDelegate.m; sourceTree = "<group>"; };
		FCD547FE1DCCCEA00087D36F /* ViewController.h */ = {isa = PBXFileReference; lastKnownFileType = sourcecode.c.h; path = ViewController.h; sourceTree = "<group>"; };
		FCD547FF1DCCCEA00087D36F /* ViewController.m */ = {isa = PBXFileReference; lastKnownFileType = sourcecode.c.objc; path = ViewController.m; sourceTree = "<group>"; };
		FCD548021DCCCEA00087D36F /* Base */ = {isa = PBXFileReference; lastKnownFileType = file.storyboard; name = Base; path = Base.lproj/Main.storyboard; sourceTree = "<group>"; };
		FCD548041DCCCEA00087D36F /* Assets.xcassets */ = {isa = PBXFileReference; lastKnownFileType = folder.assetcatalog; path = Assets.xcassets; sourceTree = "<group>"; };
		FCD548071DCCCEA00087D36F /* Base */ = {isa = PBXFileReference; lastKnownFileType = file.storyboard; name = Base; path = Base.lproj/LaunchScreen.storyboard; sourceTree = "<group>"; };
		FCD548091DCCCEA00087D36F /* Info.plist */ = {isa = PBXFileReference; lastKnownFileType = text.plist.xml; path = Info.plist; sourceTree = "<group>"; };
		FCD5480E1DCCCEA00087D36F /* SwilzzingAppTests.xctest */ = {isa = PBXFileReference; explicitFileType = wrapper.cfbundle; includeInIndex = 0; path = SwilzzingAppTests.xctest; sourceTree = BUILT_PRODUCTS_DIR; };
		FCD548121DCCCEA00087D36F /* SwilzzingAppTests.m */ = {isa = PBXFileReference; lastKnownFileType = sourcecode.c.objc; path = SwilzzingAppTests.m; sourceTree = "<group>"; };
		FCD548141DCCCEA00087D36F /* Info.plist */ = {isa = PBXFileReference; lastKnownFileType = text.plist.xml; path = Info.plist; sourceTree = "<group>"; };
		FCD548191DCCCEA00087D36F /* SwilzzingAppUITests.xctest */ = {isa = PBXFileReference; explicitFileType = wrapper.cfbundle; includeInIndex = 0; path = SwilzzingAppUITests.xctest; sourceTree = BUILT_PRODUCTS_DIR; };
		FCD5481D1DCCCEA00087D36F /* SwilzzingAppUITests.m */ = {isa = PBXFileReference; lastKnownFileType = sourcecode.c.objc; path = SwilzzingAppUITests.m; sourceTree = "<group>"; };
		FCD5481F1DCCCEA00087D36F /* Info.plist */ = {isa = PBXFileReference; lastKnownFileType = text.plist.xml; path = Info.plist; sourceTree = "<group>"; };
/* End PBXFileReference section */

/* Begin PBXFrameworksBuildPhase section */
		FCD547F21DCCCEA00087D36F /* Frameworks */ = {
			isa = PBXFrameworksBuildPhase;
			buildActionMask = 2147483647;
			files = (
			);
			runOnlyForDeploymentPostprocessing = 0;
		};
		FCD5480B1DCCCEA00087D36F /* Frameworks */ = {
			isa = PBXFrameworksBuildPhase;
			buildActionMask = 2147483647;
			files = (
			);
			runOnlyForDeploymentPostprocessing = 0;
		};
		FCD548161DCCCEA00087D36F /* Frameworks */ = {
			isa = PBXFrameworksBuildPhase;
			buildActionMask = 2147483647;
			files = (
			);
			runOnlyForDeploymentPostprocessing = 0;
		};
/* End PBXFrameworksBuildPhase section */

/* Begin PBXGroup section */
		FCD547EC1DCCCE9F0087D36F = {
			isa = PBXGroup;
			children = (
				FCD547F71DCCCEA00087D36F /* SwilzzingApp */,
				FCD548111DCCCEA00087D36F /* SwilzzingAppTests */,
				FCD5481C1DCCCEA00087D36F /* SwilzzingAppUITests */,
				FCD547F61DCCCEA00087D36F /* Products */,
			);
			sourceTree = "<group>";
		};
		FCD547F61DCCCEA00087D36F /* Products */ = {
			isa = PBXGroup;
			children = (
				FCD547F51DCCCEA00087D36F /* SwilzzingApp.app */,
				FCD5480E1DCCCEA00087D36F /* SwilzzingAppTests.xctest */,
				FCD548191DCCCEA00087D36F /* SwilzzingAppUITests.xctest */,
			);
			name = Products;
			sourceTree = "<group>";
		};
		FCD547F71DCCCEA00087D36F /* SwilzzingApp */ = {
			isa = PBXGroup;
			children = (
				FCD547FB1DCCCEA00087D36F /* AppDelegate.h */,
				FCD547FC1DCCCEA00087D36F /* AppDelegate.m */,
				FCD547FE1DCCCEA00087D36F /* ViewController.h */,
				FCD547FF1DCCCEA00087D36F /* ViewController.m */,
				FC00AAAC1DE043DF00BC4F83 /* ViewController+SwilzzingMethod.h */,
				FC00AAAD1DE043DF00BC4F83 /* ViewController+SwilzzingMethod.m */,
				FCD548011DCCCEA00087D36F /* Main.storyboard */,
				FCD548041DCCCEA00087D36F /* Assets.xcassets */,
				FCD548061DCCCEA00087D36F /* LaunchScreen.storyboard */,
				FCD548091DCCCEA00087D36F /* Info.plist */,
				FCD547F81DCCCEA00087D36F /* Supporting Files */,
			);
			path = SwilzzingApp;
			sourceTree = "<group>";
		};
		FCD547F81DCCCEA00087D36F /* Supporting Files */ = {
			isa = PBXGroup;
			children = (
				FCD547F91DCCCEA00087D36F /* main.m */,
			);
			name = "Supporting Files";
			sourceTree = "<group>";
		};
		FCD548111DCCCEA00087D36F /* SwilzzingAppTests */ = {
			isa = PBXGroup;
			children = (
				FCD548121DCCCEA00087D36F /* SwilzzingAppTests.m */,
				FCD548141DCCCEA00087D36F /* Info.plist */,
			);
			path = SwilzzingAppTests;
			sourceTree = "<group>";
		};
		FCD5481C1DCCCEA00087D36F /* SwilzzingAppUITests */ = {
			isa = PBXGroup;
			children = (
				FCD5481D1DCCCEA00087D36F /* SwilzzingAppUITests.m */,
				FCD5481F1DCCCEA00087D36F /* Info.plist */,
			);
			path = SwilzzingAppUITests;
			sourceTree = "<group>";
		};
/* End PBXGroup section */

/* Begin PBXNativeTarget section */
		FCD547F41DCCCEA00087D36F /* SwilzzingApp */ = {
			isa = PBXNativeTarget;
			buildConfigurationList = FCD548221DCCCEA00087D36F /* Build configuration list for PBXNativeTarget "SwilzzingApp" */;
			buildPhases = (
				FCD547F11DCCCEA00087D36F /* Sources */,
				FCD547F21DCCCEA00087D36F /* Frameworks */,
				FCD547F31DCCCEA00087D36F /* Resources */,
			);
			buildRules = (
			);
			dependencies = (
			);
			name = SwilzzingApp;
			productName = SwilzzingApp;
			productReference = FCD547F51DCCCEA00087D36F /* SwilzzingApp.app */;
			productType = "com.apple.product-type.application";
		};
		FCD5480D1DCCCEA00087D36F /* SwilzzingAppTests */ = {
			isa = PBXNativeTarget;
			buildConfigurationList = FCD548251DCCCEA00087D36F /* Build configuration list for PBXNativeTarget "SwilzzingAppTests" */;
			buildPhases = (
				FCD5480A1DCCCEA00087D36F /* Sources */,
				FCD5480B1DCCCEA00087D36F /* Frameworks */,
				FCD5480C1DCCCEA00087D36F /* Resources */,
			);
			buildRules = (
			);
			dependencies = (
				FCD548101DCCCEA00087D36F /* PBXTargetDependency */,
			);
			name = SwilzzingAppTests;
			productName = SwilzzingAppTests;
			productReference = FCD5480E1DCCCEA00087D36F /* SwilzzingAppTests.xctest */;
			productType = "com.apple.product-type.bundle.unit-test";
		};
		FCD548181DCCCEA00087D36F /* SwilzzingAppUITests */ = {
			isa = PBXNativeTarget;
			buildConfigurationList = FCD548281DCCCEA00087D36F /* Build configuration list for PBXNativeTarget "SwilzzingAppUITests" */;
			buildPhases = (
				FCD548151DCCCEA00087D36F /* Sources */,
				FCD548161DCCCEA00087D36F /* Frameworks */,
				FCD548171DCCCEA00087D36F /* Resources */,
			);
			buildRules = (
			);
			dependencies = (
				FCD5481B1DCCCEA00087D36F /* PBXTargetDependency */,
			);
			name = SwilzzingAppUITests;
			productName = SwilzzingAppUITests;
			productReference = FCD548191DCCCEA00087D36F /* SwilzzingAppUITests.xctest */;
			productType = "com.apple.product-type.bundle.ui-testing";
		};
/* End PBXNativeTarget section */

/* Begin PBXProject section */
		FCD547ED1DCCCE9F0087D36F /* Project object */ = {
			isa = PBXProject;
			attributes = {
				LastUpgradeCheck = 0800;
				ORGANIZATIONNAME = kong;
				TargetAttributes = {
					FCD547F41DCCCEA00087D36F = {
						CreatedOnToolsVersion = 8.0;
						DevelopmentTeam = 628LRYYF8F;
						ProvisioningStyle = Automatic;
					};
					FCD5480D1DCCCEA00087D36F = {
						CreatedOnToolsVersion = 8.0;
						DevelopmentTeam = 628LRYYF8F;
						ProvisioningStyle = Automatic;
						TestTargetID = FCD547F41DCCCEA00087D36F;
					};
					FCD548181DCCCEA00087D36F = {
						CreatedOnToolsVersion = 8.0;
						DevelopmentTeam = 628LRYYF8F;
						ProvisioningStyle = Automatic;
						TestTargetID = FCD547F41DCCCEA00087D36F;
					};
				};
			};
			buildConfigurationList = FCD547F01DCCCE9F0087D36F /* Build configuration list for PBXProject "SwilzzingApp" */;
			compatibilityVersion = "Xcode 3.2";
			developmentRegion = English;
			hasScannedForEncodings = 0;
			knownRegions = (
				en,
				Base,
			);
			mainGroup = FCD547EC1DCCCE9F0087D36F;
			productRefGroup = FCD547F61DCCCEA00087D36F /* Products */;
			projectDirPath = "";
			projectRoot = "";
			targets = (
				FCD547F41DCCCEA00087D36F /* SwilzzingApp */,
				FCD5480D1DCCCEA00087D36F /* SwilzzingAppTests */,
				FCD548181DCCCEA00087D36F /* SwilzzingAppUITests */,
			);
		};
/* End PBXProject section */

/* Begin PBXResourcesBuildPhase section */
		FCD547F31DCCCEA00087D36F /* Resources */ = {
			isa = PBXResourcesBuildPhase;
			buildActionMask = 2147483647;
			files = (
				FCD548081DCCCEA00087D36F /* LaunchScreen.storyboard in Resources */,
				FCD548051DCCCEA00087D36F /* Assets.xcassets in Resources */,
				FCD548031DCCCEA00087D36F /* Main.storyboard in Resources */,
			);
			runOnlyForDeploymentPostprocessing = 0;
		};
		FCD5480C1DCCCEA00087D36F /* Resources */ = {
			isa = PBXResourcesBuildPhase;
			buildActionMask = 2147483647;
			files = (
			);
			runOnlyForDeploymentPostprocessing = 0;
		};
		FCD548171DCCCEA00087D36F /* Resources */ = {
			isa = PBXResourcesBuildPhase;
			buildActionMask = 2147483647;
			files = (
			);
			runOnlyForDeploymentPostprocessing = 0;
		};
/* End PBXResourcesBuildPhase section */

/* Begin PBXSourcesBuildPhase section */
		FCD547F11DCCCEA00087D36F /* Sources */ = {
			isa = PBXSourcesBuildPhase;
			buildActionMask = 2147483647;
			files = (
				FCD548001DCCCEA00087D36F /* ViewController.m in Sources */,
				FCD547FD1DCCCEA00087D36F /* AppDelegate.m in Sources */,
				FC00AAAE1DE043DF00BC4F83 /* ViewController+SwilzzingMethod.m in Sources */,
				FCD547FA1DCCCEA00087D36F /* main.m in Sources */,
			);
			runOnlyForDeploymentPostprocessing = 0;
		};
		FCD5480A1DCCCEA00087D36F /* Sources */ = {
			isa = PBXSourcesBuildPhase;
			buildActionMask = 2147483647;
			files = (
				FCD548131DCCCEA00087D36F /* SwilzzingAppTests.m in Sources */,
			);
			runOnlyForDeploymentPostprocessing = 0;
		};
		FCD548151DCCCEA00087D36F /* Sources */ = {
			isa = PBXSourcesBuildPhase;
			buildActionMask = 2147483647;
			files = (
				FCD5481E1DCCCEA00087D36F /* SwilzzingAppUITests.m in Sources */,
			);
			runOnlyForDeploymentPostprocessing = 0;
		};
/* End PBXSourcesBuildPhase section */

/* Begin PBXTargetDependency section */
		FCD548101DCCCEA00087D36F /* PBXTargetDependency */ = {
			isa = PBXTargetDependency;
			target = FCD547F41DCCCEA00087D36F /* SwilzzingApp */;
			targetProxy = FCD5480F1DCCCEA00087D36F /* PBXContainerItemProxy */;
		};
		FCD5481B1DCCCEA00087D36F /* PBXTargetDependency */ = {
			isa = PBXTargetDependency;
			target = FCD547F41DCCCEA00087D36F /* SwilzzingApp */;
			targetProxy = FCD5481A1DCCCEA00087D36F /* PBXContainerItemProxy */;
		};
/* End PBXTargetDependency section */

/* Begin PBXVariantGroup section */
		FCD548011DCCCEA00087D36F /* Main.storyboard */ = {
			isa = PBXVariantGroup;
			children = (
				FCD548021DCCCEA00087D36F /* Base */,
			);
			name = Main.storyboard;
			sourceTree = "<group>";
		};
		FCD548061DCCCEA00087D36F /* LaunchScreen.storyboard */ = {
			isa = PBXVariantGroup;
			children = (
				FCD548071DCCCEA00087D36F /* Base */,
			);
			name = LaunchScreen.storyboard;
			sourceTree = "<group>";
		};
/* End PBXVariantGroup section */

/* Begin XCBuildConfiguration section */
		FCD548201DCCCEA00087D36F /* Debug */ = {
			isa = XCBuildConfiguration;
			buildSettings = {
				ALWAYS_SEARCH_USER_PATHS = NO;
				CLANG_ANALYZER_NONNULL = YES;
				CLANG_CXX_LANGUAGE_STANDARD = "gnu++0x";
				CLANG_CXX_LIBRARY = "libc++";
				CLANG_ENABLE_MODULES = YES;
				CLANG_ENABLE_OBJC_ARC = YES;
				CLANG_WARN_BOOL_CONVERSION = YES;
				CLANG_WARN_CONSTANT_CONVERSION = YES;
				CLANG_WARN_DIRECT_OBJC_ISA_USAGE = YES_ERROR;
				CLANG_WARN_DOCUMENTATION_COMMENTS = YES;
				CLANG_WARN_EMPTY_BODY = YES;
				CLANG_WARN_ENUM_CONVERSION = YES;
				CLANG_WARN_INFINITE_RECURSION = YES;
				CLANG_WARN_INT_CONVERSION = YES;
				CLANG_WARN_OBJC_ROOT_CLASS = YES_ERROR;
				CLANG_WARN_SUSPICIOUS_MOVES = YES;
				CLANG_WARN_UNREACHABLE_CODE = YES;
				CLANG_WARN__DUPLICATE_METHOD_MATCH = YES;
				"CODE_SIGN_IDENTITY[sdk=iphoneos*]" = "iPhone Developer";
				COPY_PHASE_STRIP = NO;
				DEBUG_INFORMATION_FORMAT = dwarf;
				ENABLE_STRICT_OBJC_MSGSEND = YES;
				ENABLE_TESTABILITY = YES;
				GCC_C_LANGUAGE_STANDARD = gnu99;
				GCC_DYNAMIC_NO_PIC = NO;
				GCC_NO_COMMON_BLOCKS = YES;
				GCC_OPTIMIZATION_LEVEL = 0;
				GCC_PREPROCESSOR_DEFINITIONS = (
					"DEBUG=1",
					"$(inherited)",
				);
				GCC_WARN_64_TO_32_BIT_CONVERSION = YES;
				GCC_WARN_ABOUT_RETURN_TYPE = YES_ERROR;
				GCC_WARN_UNDECLARED_SELECTOR = YES;
				GCC_WARN_UNINITIALIZED_AUTOS = YES_AGGRESSIVE;
				GCC_WARN_UNUSED_FUNCTION = YES;
				GCC_WARN_UNUSED_VARIABLE = YES;
				IPHONEOS_DEPLOYMENT_TARGET = 10.0;
				MTL_ENABLE_DEBUG_INFO = YES;
				ONLY_ACTIVE_ARCH = YES;
				SDKROOT = iphoneos;
				TARGETED_DEVICE_FAMILY = "1,2";
			};
			name = Debug;
		};
		FCD548211DCCCEA00087D36F /* Release */ = {
			isa = XCBuildConfiguration;
			buildSettings = {
				ALWAYS_SEARCH_USER_PATHS = NO;
				CLANG_ANALYZER_NONNULL = YES;
				CLANG_CXX_LANGUAGE_STANDARD = "gnu++0x";
				CLANG_CXX_LIBRARY = "libc++";
				CLANG_ENABLE_MODULES = YES;
				CLANG_ENABLE_OBJC_ARC = YES;
				CLANG_WARN_BOOL_CONVERSION = YES;
				CLANG_WARN_CONSTANT_CONVERSION = YES;
				CLANG_WARN_DIRECT_OBJC_ISA_USAGE = YES_ERROR;
				CLANG_WARN_DOCUMENTATION_COMMENTS = YES;
				CLANG_WARN_EMPTY_BODY = YES;
				CLANG_WARN_ENUM_CONVERSION = YES;
				CLANG_WARN_INFINITE_RECURSION = YES;
				CLANG_WARN_INT_CONVERSION = YES;
				CLANG_WARN_OBJC_ROOT_CLASS = YES_ERROR;
				CLANG_WARN_SUSPICIOUS_MOVES = YES;
				CLANG_WARN_UNREACHABLE_CODE = YES;
				CLANG_WARN__DUPLICATE_METHOD_MATCH = YES;
				"CODE_SIGN_IDENTITY[sdk=iphoneos*]" = "iPhone Developer";
				COPY_PHASE_STRIP = NO;
				DEBUG_INFORMATION_FORMAT = "dwarf-with-dsym";
				ENABLE_NS_ASSERTIONS = NO;
				ENABLE_STRICT_OBJC_MSGSEND = YES;
				GCC_C_LANGUAGE_STANDARD = gnu99;
				GCC_NO_COMMON_BLOCKS = YES;
				GCC_WARN_64_TO_32_BIT_CONVERSION = YES;
				GCC_WARN_ABOUT_RETURN_TYPE = YES_ERROR;
				GCC_WARN_UNDECLARED_SELECTOR = YES;
				GCC_WARN_UNINITIALIZED_AUTOS = YES_AGGRESSIVE;
				GCC_WARN_UNUSED_FUNCTION = YES;
				GCC_WARN_UNUSED_VARIABLE = YES;
				IPHONEOS_DEPLOYMENT_TARGET = 10.0;
				MTL_ENABLE_DEBUG_INFO = NO;
				SDKROOT = iphoneos;
				TARGETED_DEVICE_FAMILY = "1,2";
				VALIDATE_PRODUCT = YES;
			};
			name = Release;
		};
		FCD548231DCCCEA00087D36F /* Debug */ = {
			isa = XCBuildConfiguration;
			buildSettings = {
				ASSETCATALOG_COMPILER_APPICON_NAME = AppIcon;
				DEVELOPMENT_TEAM = 628LRYYF8F;
				INFOPLIST_FILE = SwilzzingApp/Info.plist;
				LD_RUNPATH_SEARCH_PATHS = "$(inherited) @executable_path/Frameworks";
				PRODUCT_BUNDLE_IDENTIFIER = com.kong.SwilzzingApp;
				PRODUCT_NAME = "$(TARGET_NAME)";
			};
			name = Debug;
		};
		FCD548241DCCCEA00087D36F /* Release */ = {
			isa = XCBuildConfiguration;
			buildSettings = {
				ASSETCATALOG_COMPILER_APPICON_NAME = AppIcon;
				DEVELOPMENT_TEAM = 628LRYYF8F;
				INFOPLIST_FILE = SwilzzingApp/Info.plist;
				LD_RUNPATH_SEARCH_PATHS = "$(inherited) @executable_path/Frameworks";
				PRODUCT_BUNDLE_IDENTIFIER = com.kong.SwilzzingApp;
				PRODUCT_NAME = "$(TARGET_NAME)";
			};
			name = Release;
		};
		FCD548261DCCCEA00087D36F /* Debug */ = {
			isa = XCBuildConfiguration;
			buildSettings = {
				BUNDLE_LOADER = "$(TEST_HOST)";
				DEVELOPMENT_TEAM = 628LRYYF8F;
				INFOPLIST_FILE = SwilzzingAppTests/Info.plist;
				LD_RUNPATH_SEARCH_PATHS = "$(inherited) @executable_path/Frameworks @loader_path/Frameworks";
				PRODUCT_BUNDLE_IDENTIFIER = com.kong.SwilzzingAppTests;
				PRODUCT_NAME = "$(TARGET_NAME)";
				TEST_HOST = "$(BUILT_PRODUCTS_DIR)/SwilzzingApp.app/SwilzzingApp";
			};
			name = Debug;
		};
		FCD548271DCCCEA00087D36F /* Release */ = {
			isa = XCBuildConfiguration;
			buildSettings = {
				BUNDLE_LOADER = "$(TEST_HOST)";
				DEVELOPMENT_TEAM = 628LRYYF8F;
				INFOPLIST_FILE = SwilzzingAppTests/Info.plist;
				LD_RUNPATH_SEARCH_PATHS = "$(inherited) @executable_path/Frameworks @loader_path/Frameworks";
				PRODUCT_BUNDLE_IDENTIFIER = com.kong.SwilzzingAppTests;
				PRODUCT_NAME = "$(TARGET_NAME)";
				TEST_HOST = "$(BUILT_PRODUCTS_DIR)/SwilzzingApp.app/SwilzzingApp";
			};
			name = Release;
		};
		FCD548291DCCCEA00087D36F /* Debug */ = {
			isa = XCBuildConfiguration;
			buildSettings = {
				DEVELOPMENT_TEAM = 628LRYYF8F;
				INFOPLIST_FILE = SwilzzingAppUITests/Info.plist;
				LD_RUNPATH_SEARCH_PATHS = "$(inherited) @executable_path/Frameworks @loader_path/Frameworks";
				PRODUCT_BUNDLE_IDENTIFIER = com.kong.SwilzzingAppUITests;
				PRODUCT_NAME = "$(TARGET_NAME)";
				TEST_TARGET_NAME = SwilzzingApp;
			};
			name = Debug;
		};
		FCD5482A1DCCCEA00087D36F /* Release */ = {
			isa = XCBuildConfiguration;
			buildSettings = {
				DEVELOPMENT_TEAM = 628LRYYF8F;
				INFOPLIST_FILE = SwilzzingAppUITests/Info.plist;
				LD_RUNPATH_SEARCH_PATHS = "$(inherited) @executable_path/Frameworks @loader_path/Frameworks";
				PRODUCT_BUNDLE_IDENTIFIER = com.kong.SwilzzingAppUITests;
				PRODUCT_NAME = "$(TARGET_NAME)";
				TEST_TARGET_NAME = SwilzzingApp;
			};
			name = Release;
		};
/* End XCBuildConfiguration section */

/* Begin XCConfigurationList section */
		FCD547F01DCCCE9F0087D36F /* Build configuration list for PBXProject "SwilzzingApp" */ = {
			isa = XCConfigurationList;
			buildConfigurations = (
				FCD548201DCCCEA00087D36F /* Debug */,
				FCD548211DCCCEA00087D36F /* Release */,
			);
			defaultConfigurationIsVisible = 0;
			defaultConfigurationName = Release;
		};
		FCD548221DCCCEA00087D36F /* Build configuration list for PBXNativeTarget "SwilzzingApp" */ = {
			isa = XCConfigurationList;
			buildConfigurations = (
				FCD548231DCCCEA00087D36F /* Debug */,
				FCD548241DCCCEA00087D36F /* Release */,
			);
			defaultConfigurationIsVisible = 0;
			defaultConfigurationName = Release;
		};
		FCD548251DCCCEA00087D36F /* Build configuration list for PBXNativeTarget "SwilzzingAppTests" */ = {
			isa = XCConfigurationList;
			buildConfigurations = (
				FCD548261DCCCEA00087D36F /* Debug */,
				FCD548271DCCCEA00087D36F /* Release */,
			);
			defaultConfigurationIsVisible = 0;
			defaultConfigurationName = Release;
		};
		FCD548281DCCCEA00087D36F /* Build configuration list for PBXNativeTarget "SwilzzingAppUITests" */ = {
			isa = XCConfigurationList;
			buildConfigurations = (
				FCD548291DCCCEA00087D36F /* Debug */,
				FCD5482A1DCCCEA00087D36F /* Release */,
			);
			defaultConfigurationIsVisible = 0;
			defaultConfigurationName = Release;
		};
/* End XCConfigurationList section */
	};
	rootObject = FCD547ED1DCCCE9F0087D36F /* Project object */;
}
